// !$*UTF8*$!
{
	archiveVersion = 1;
	classes = {
	};
	objectVersion = 56;
	objects = {

/* Begin PBXBuildFile section */
		6CA241722A7C8BC400065DA5 /* CocktailRecipesApp.swift in Sources */ = {isa = PBXBuildFile; fileRef = 6CA241712A7C8BC400065DA5 /* CocktailRecipesApp.swift */; };
		6CA241742A7C8BC400065DA5 /* MainView.swift in Sources */ = {isa = PBXBuildFile; fileRef = 6CA241732A7C8BC400065DA5 /* MainView.swift */; };
		6CA241762A7C8BC500065DA5 /* Assets.xcassets in Resources */ = {isa = PBXBuildFile; fileRef = 6CA241752A7C8BC500065DA5 /* Assets.xcassets */; };
		6CA241792A7C8BC500065DA5 /* Preview Assets.xcassets in Resources */ = {isa = PBXBuildFile; fileRef = 6CA241782A7C8BC500065DA5 /* Preview Assets.xcassets */; };
		6CA241812A7C8E1400065DA5 /* CocktailListView.swift in Sources */ = {isa = PBXBuildFile; fileRef = 6CA241802A7C8E1400065DA5 /* CocktailListView.swift */; };
		6CA241842A7C901300065DA5 /* CocktailModel.swift in Sources */ = {isa = PBXBuildFile; fileRef = 6CA241832A7C901200065DA5 /* CocktailModel.swift */; };
		6CA241872A7C92AE00065DA5 /* URLSessionExtension.swift in Sources */ = {isa = PBXBuildFile; fileRef = 6CA241862A7C92AE00065DA5 /* URLSessionExtension.swift */; };
		6CA2418D2A7C962000065DA5 /* CocktailRecipesServiceProtocol.swift in Sources */ = {isa = PBXBuildFile; fileRef = 6CA2418C2A7C962000065DA5 /* CocktailRecipesServiceProtocol.swift */; };
		6CA241902A7C973E00065DA5 /* TheCocktailDBService.swift in Sources */ = {isa = PBXBuildFile; fileRef = 6CA2418F2A7C973E00065DA5 /* TheCocktailDBService.swift */; };
		6CD134CC2A7C9E7000557B90 /* CocktailListViewModel.swift in Sources */ = {isa = PBXBuildFile; fileRef = 6CD134CB2A7C9E7000557B90 /* CocktailListViewModel.swift */; };
/* End PBXBuildFile section */

/* Begin PBXFileReference section */
		6CA2416E2A7C8BC400065DA5 /* CocktailRecipes.app */ = {isa = PBXFileReference; explicitFileType = wrapper.application; includeInIndex = 0; path = CocktailRecipes.app; sourceTree = BUILT_PRODUCTS_DIR; };
		6CA241712A7C8BC400065DA5 /* CocktailRecipesApp.swift */ = {isa = PBXFileReference; lastKnownFileType = sourcecode.swift; path = CocktailRecipesApp.swift; sourceTree = "<group>"; };
		6CA241732A7C8BC400065DA5 /* MainView.swift */ = {isa = PBXFileReference; lastKnownFileType = sourcecode.swift; path = MainView.swift; sourceTree = "<group>"; };
		6CA241752A7C8BC500065DA5 /* Assets.xcassets */ = {isa = PBXFileReference; lastKnownFileType = folder.assetcatalog; path = Assets.xcassets; sourceTree = "<group>"; };
		6CA241782A7C8BC500065DA5 /* Preview Assets.xcassets */ = {isa = PBXFileReference; lastKnownFileType = folder.assetcatalog; path = "Preview Assets.xcassets"; sourceTree = "<group>"; };
		6CA241802A7C8E1400065DA5 /* CocktailListView.swift */ = {isa = PBXFileReference; lastKnownFileType = sourcecode.swift; path = CocktailListView.swift; sourceTree = "<group>"; };
		6CA241832A7C901200065DA5 /* CocktailModel.swift */ = {isa = PBXFileReference; lastKnownFileType = sourcecode.swift; path = CocktailModel.swift; sourceTree = "<group>"; };
		6CA241862A7C92AE00065DA5 /* URLSessionExtension.swift */ = {isa = PBXFileReference; lastKnownFileType = sourcecode.swift; path = URLSessionExtension.swift; sourceTree = "<group>"; };
		6CA2418C2A7C962000065DA5 /* CocktailRecipesServiceProtocol.swift */ = {isa = PBXFileReference; lastKnownFileType = sourcecode.swift; path = CocktailRecipesServiceProtocol.swift; sourceTree = "<group>"; };
		6CA2418F2A7C973E00065DA5 /* TheCocktailDBService.swift */ = {isa = PBXFileReference; lastKnownFileType = sourcecode.swift; path = TheCocktailDBService.swift; sourceTree = "<group>"; };
		6CD134CB2A7C9E7000557B90 /* CocktailListViewModel.swift */ = {isa = PBXFileReference; lastKnownFileType = sourcecode.swift; path = CocktailListViewModel.swift; sourceTree = "<group>"; };
/* End PBXFileReference section */

/* Begin PBXFrameworksBuildPhase section */
		6CA2416B2A7C8BC400065DA5 /* Frameworks */ = {
			isa = PBXFrameworksBuildPhase;
			buildActionMask = 2147483647;
			files = (
			);
			runOnlyForDeploymentPostprocessing = 0;
		};
/* End PBXFrameworksBuildPhase section */

/* Begin PBXGroup section */
		6CA241652A7C8BC400065DA5 = {
			isa = PBXGroup;
			children = (
				6CA241702A7C8BC400065DA5 /* CocktailRecipes */,
				6CA2416F2A7C8BC400065DA5 /* Products */,
			);
			sourceTree = "<group>";
		};
		6CA2416F2A7C8BC400065DA5 /* Products */ = {
			isa = PBXGroup;
			children = (
				6CA2416E2A7C8BC400065DA5 /* CocktailRecipes.app */,
			);
			name = Products;
			sourceTree = "<group>";
		};
		6CA241702A7C8BC400065DA5 /* CocktailRecipes */ = {
			isa = PBXGroup;
			children = (
				6CA2418B2A7C960600065DA5 /* Protocols */,
				6CA2418E2A7C970C00065DA5 /* Services */,
				6CA241852A7C929700065DA5 /* Extensions */,
				6CA241822A7C8FEE00065DA5 /* Models */,
				6CA241882A7C95BB00065DA5 /* ViewModels */,
				6CA2417F2A7C8DCE00065DA5 /* Views */,
				6CA241712A7C8BC400065DA5 /* CocktailRecipesApp.swift */,
				6CA241752A7C8BC500065DA5 /* Assets.xcassets */,
				6CA241772A7C8BC500065DA5 /* Preview Content */,
			);
			path = CocktailRecipes;
			sourceTree = "<group>";
		};
		6CA241772A7C8BC500065DA5 /* Preview Content */ = {
			isa = PBXGroup;
			children = (
				6CA241782A7C8BC500065DA5 /* Preview Assets.xcassets */,
			);
			path = "Preview Content";
			sourceTree = "<group>";
		};
		6CA2417F2A7C8DCE00065DA5 /* Views */ = {
			isa = PBXGroup;
			children = (
				6CA241802A7C8E1400065DA5 /* CocktailListView.swift */,
				6CA241732A7C8BC400065DA5 /* MainView.swift */,
			);
			path = Views;
			sourceTree = "<group>";
		};
		6CA241822A7C8FEE00065DA5 /* Models */ = {
			isa = PBXGroup;
			children = (
				6CA241832A7C901200065DA5 /* CocktailModel.swift */,
			);
			path = Models;
			sourceTree = "<group>";
		};
		6CA241852A7C929700065DA5 /* Extensions */ = {
			isa = PBXGroup;
			children = (
				6CA241862A7C92AE00065DA5 /* URLSessionExtension.swift */,
			);
			path = Extensions;
			sourceTree = "<group>";
		};
		6CA241882A7C95BB00065DA5 /* ViewModels */ = {
			isa = PBXGroup;
			children = (
				6CD134CB2A7C9E7000557B90 /* CocktailListViewModel.swift */,
			);
			path = ViewModels;
			sourceTree = "<group>";
		};
		6CA2418B2A7C960600065DA5 /* Protocols */ = {
			isa = PBXGroup;
			children = (
				6CA2418C2A7C962000065DA5 /* CocktailRecipesServiceProtocol.swift */,
			);
			path = Protocols;
			sourceTree = "<group>";
		};
		6CA2418E2A7C970C00065DA5 /* Services */ = {
			isa = PBXGroup;
			children = (
				6CA2418F2A7C973E00065DA5 /* TheCocktailDBService.swift */,
			);
			path = Services;
			sourceTree = "<group>";
		};
/* End PBXGroup section */

/* Begin PBXNativeTarget section */
		6CA2416D2A7C8BC400065DA5 /* CocktailRecipes */ = {
			isa = PBXNativeTarget;
			buildConfigurationList = 6CA2417C2A7C8BC500065DA5 /* Build configuration list for PBXNativeTarget "CocktailRecipes" */;
			buildPhases = (
				6CA2416A2A7C8BC400065DA5 /* Sources */,
				6CA2416B2A7C8BC400065DA5 /* Frameworks */,
				6CA2416C2A7C8BC400065DA5 /* Resources */,
			);
			buildRules = (
			);
			dependencies = (
			);
			name = CocktailRecipes;
			productName = CocktailRecipes;
			productReference = 6CA2416E2A7C8BC400065DA5 /* CocktailRecipes.app */;
			productType = "com.apple.product-type.application";
		};
/* End PBXNativeTarget section */

/* Begin PBXProject section */
		6CA241662A7C8BC400065DA5 /* Project object */ = {
			isa = PBXProject;
			attributes = {
				BuildIndependentTargetsInParallel = 1;
				LastSwiftUpdateCheck = 1430;
				LastUpgradeCheck = 1430;
				TargetAttributes = {
					6CA2416D2A7C8BC400065DA5 = {
						CreatedOnToolsVersion = 14.3.1;
					};
				};
			};
			buildConfigurationList = 6CA241692A7C8BC400065DA5 /* Build configuration list for PBXProject "CocktailRecipes" */;
			compatibilityVersion = "Xcode 14.0";
			developmentRegion = en;
			hasScannedForEncodings = 0;
			knownRegions = (
				en,
				Base,
			);
			mainGroup = 6CA241652A7C8BC400065DA5;
			productRefGroup = 6CA2416F2A7C8BC400065DA5 /* Products */;
			projectDirPath = "";
			projectRoot = "";
			targets = (
				6CA2416D2A7C8BC400065DA5 /* CocktailRecipes */,
			);
		};
/* End PBXProject section */

/* Begin PBXResourcesBuildPhase section */
		6CA2416C2A7C8BC400065DA5 /* Resources */ = {
			isa = PBXResourcesBuildPhase;
			buildActionMask = 2147483647;
			files = (
				6CA241792A7C8BC500065DA5 /* Preview Assets.xcassets in Resources */,
				6CA241762A7C8BC500065DA5 /* Assets.xcassets in Resources */,
			);
			runOnlyForDeploymentPostprocessing = 0;
		};
/* End PBXResourcesBuildPhase section */

/* Begin PBXSourcesBuildPhase section */
		6CA2416A2A7C8BC400065DA5 /* Sources */ = {
			isa = PBXSourcesBuildPhase;
			buildActionMask = 2147483647;
			files = (
				6CD134CC2A7C9E7000557B90 /* CocktailListViewModel.swift in Sources */,
				6CA241872A7C92AE00065DA5 /* URLSessionExtension.swift in Sources */,
				6CA241742A7C8BC400065DA5 /* MainView.swift in Sources */,
				6CA241842A7C901300065DA5 /* CocktailModel.swift in Sources */,
				6CA241812A7C8E1400065DA5 /* CocktailListView.swift in Sources */,
				6CA2418D2A7C962000065DA5 /* CocktailRecipesServiceProtocol.swift in Sources */,
				6CA241722A7C8BC400065DA5 /* CocktailRecipesApp.swift in Sources */,
				6CA241902A7C973E00065DA5 /* TheCocktailDBService.swift in Sources */,
			);
			runOnlyForDeploymentPostprocessing = 0;
		};
/* End PBXSourcesBuildPhase section */

/* Begin XCBuildConfiguration section */
		6CA2417A2A7C8BC500065DA5 /* Debug */ = {
			isa = XCBuildConfiguration;
			buildSettings = {
				ALWAYS_SEARCH_USER_PATHS = NO;
				CLANG_ANALYZER_NONNULL = YES;
				CLANG_ANALYZER_NUMBER_OBJECT_CONVERSION = YES_AGGRESSIVE;
				CLANG_CXX_LANGUAGE_STANDARD = "gnu++20";
				CLANG_ENABLE_MODULES = YES;
				CLANG_ENABLE_OBJC_ARC = YES;
				CLANG_ENABLE_OBJC_WEAK = YES;
				CLANG_WARN_BLOCK_CAPTURE_AUTORELEASING = YES;
				CLANG_WARN_BOOL_CONVERSION = YES;
				CLANG_WARN_COMMA = YES;
				CLANG_WARN_CONSTANT_CONVERSION = YES;
				CLANG_WARN_DEPRECATED_OBJC_IMPLEMENTATIONS = YES;
				CLANG_WARN_DIRECT_OBJC_ISA_USAGE = YES_ERROR;
				CLANG_WARN_DOCUMENTATION_COMMENTS = YES;
				CLANG_WARN_EMPTY_BODY = YES;
				CLANG_WARN_ENUM_CONVERSION = YES;
				CLANG_WARN_INFINITE_RECURSION = YES;
				CLANG_WARN_INT_CONVERSION = YES;
				CLANG_WARN_NON_LITERAL_NULL_CONVERSION = YES;
				CLANG_WARN_OBJC_IMPLICIT_RETAIN_SELF = YES;
				CLANG_WARN_OBJC_LITERAL_CONVERSION = YES;
				CLANG_WARN_OBJC_ROOT_CLASS = YES_ERROR;
				CLANG_WARN_QUOTED_INCLUDE_IN_FRAMEWORK_HEADER = YES;
				CLANG_WARN_RANGE_LOOP_ANALYSIS = YES;
				CLANG_WARN_STRICT_PROTOTYPES = YES;
				CLANG_WARN_SUSPICIOUS_MOVE = YES;
				CLANG_WARN_UNGUARDED_AVAILABILITY = YES_AGGRESSIVE;
				CLANG_WARN_UNREACHABLE_CODE = YES;
				CLANG_WARN__DUPLICATE_METHOD_MATCH = YES;
				COPY_PHASE_STRIP = NO;
				DEBUG_INFORMATION_FORMAT = dwarf;
				ENABLE_STRICT_OBJC_MSGSEND = YES;
				ENABLE_TESTABILITY = YES;
				GCC_C_LANGUAGE_STANDARD = gnu11;
				GCC_DYNAMIC_NO_PIC = NO;
				GCC_NO_COMMON_BLOCKS = YES;
				GCC_OPTIMIZATION_LEVEL = 0;
				GCC_PREPROCESSOR_DEFINITIONS = (
					"DEBUG=1",
					"$(inherited)",
				);
				GCC_WARN_64_TO_32_BIT_CONVERSION = YES;
				GCC_WARN_ABOUT_RETURN_TYPE = YES_ERROR;
				GCC_WARN_UNDECLARED_SELECTOR = YES;
				GCC_WARN_UNINITIALIZED_AUTOS = YES_AGGRESSIVE;
				GCC_WARN_UNUSED_FUNCTION = YES;
				GCC_WARN_UNUSED_VARIABLE = YES;
				IPHONEOS_DEPLOYMENT_TARGET = 16.4;
				MTL_ENABLE_DEBUG_INFO = INCLUDE_SOURCE;
				MTL_FAST_MATH = YES;
				ONLY_ACTIVE_ARCH = YES;
				SDKROOT = iphoneos;
				SWIFT_ACTIVE_COMPILATION_CONDITIONS = DEBUG;
				SWIFT_OPTIMIZATION_LEVEL = "-Onone";
			};
			name = Debug;
		};
		6CA2417B2A7C8BC500065DA5 /* Release */ = {
			isa = XCBuildConfiguration;
			buildSettings = {
				ALWAYS_SEARCH_USER_PATHS = NO;
				CLANG_ANALYZER_NONNULL = YES;
				CLANG_ANALYZER_NUMBER_OBJECT_CONVERSION = YES_AGGRESSIVE;
				CLANG_CXX_LANGUAGE_STANDARD = "gnu++20";
				CLANG_ENABLE_MODULES = YES;
				CLANG_ENABLE_OBJC_ARC = YES;
				CLANG_ENABLE_OBJC_WEAK = YES;
				CLANG_WARN_BLOCK_CAPTURE_AUTORELEASING = YES;
				CLANG_WARN_BOOL_CONVERSION = YES;
				CLANG_WARN_COMMA = YES;
				CLANG_WARN_CONSTANT_CONVERSION = YES;
				CLANG_WARN_DEPRECATED_OBJC_IMPLEMENTATIONS = YES;
				CLANG_WARN_DIRECT_OBJC_ISA_USAGE = YES_ERROR;
				CLANG_WARN_DOCUMENTATION_COMMENTS = YES;
				CLANG_WARN_EMPTY_BODY = YES;
				CLANG_WARN_ENUM_CONVERSION = YES;
				CLANG_WARN_INFINITE_RECURSION = YES;
				CLANG_WARN_INT_CONVERSION = YES;
				CLANG_WARN_NON_LITERAL_NULL_CONVERSION = YES;
				CLANG_WARN_OBJC_IMPLICIT_RETAIN_SELF = YES;
				CLANG_WARN_OBJC_LITERAL_CONVERSION = YES;
				CLANG_WARN_OBJC_ROOT_CLASS = YES_ERROR;
				CLANG_WARN_QUOTED_INCLUDE_IN_FRAMEWORK_HEADER = YES;
				CLANG_WARN_RANGE_LOOP_ANALYSIS = YES;
				CLANG_WARN_STRICT_PROTOTYPES = YES;
				CLANG_WARN_SUSPICIOUS_MOVE = YES;
				CLANG_WARN_UNGUARDED_AVAILABILITY = YES_AGGRESSIVE;
				CLANG_WARN_UNREACHABLE_CODE = YES;
				CLANG_WARN__DUPLICATE_METHOD_MATCH = YES;
				COPY_PHASE_STRIP = NO;
				DEBUG_INFORMATION_FORMAT = "dwarf-with-dsym";
				ENABLE_NS_ASSERTIONS = NO;
				ENABLE_STRICT_OBJC_MSGSEND = YES;
				GCC_C_LANGUAGE_STANDARD = gnu11;
				GCC_NO_COMMON_BLOCKS = YES;
				GCC_WARN_64_TO_32_BIT_CONVERSION = YES;
				GCC_WARN_ABOUT_RETURN_TYPE = YES_ERROR;
				GCC_WARN_UNDECLARED_SELECTOR = YES;
				GCC_WARN_UNINITIALIZED_AUTOS = YES_AGGRESSIVE;
				GCC_WARN_UNUSED_FUNCTION = YES;
				GCC_WARN_UNUSED_VARIABLE = YES;
				IPHONEOS_DEPLOYMENT_TARGET = 16.4;
				MTL_ENABLE_DEBUG_INFO = NO;
				MTL_FAST_MATH = YES;
				SDKROOT = iphoneos;
				SWIFT_COMPILATION_MODE = wholemodule;
				SWIFT_OPTIMIZATION_LEVEL = "-O";
				VALIDATE_PRODUCT = YES;
			};
			name = Release;
		};
		6CA2417D2A7C8BC500065DA5 /* Debug */ = {
			isa = XCBuildConfiguration;
			buildSettings = {
				ASSETCATALOG_COMPILER_APPICON_NAME = AppIcon;
				ASSETCATALOG_COMPILER_GLOBAL_ACCENT_COLOR_NAME = AccentColor;
				CODE_SIGN_STYLE = Automatic;
				CURRENT_PROJECT_VERSION = 1;
				DEVELOPMENT_ASSET_PATHS = "\"CocktailRecipes/Preview Content\"";
				DEVELOPMENT_TEAM = 78BBX7Y4M7;
				ENABLE_PREVIEWS = YES;
				GENERATE_INFOPLIST_FILE = YES;
				INFOPLIST_KEY_UIApplicationSceneManifest_Generation = YES;
				INFOPLIST_KEY_UIApplicationSupportsIndirectInputEvents = YES;
				INFOPLIST_KEY_UILaunchScreen_Generation = YES;
				INFOPLIST_KEY_UISupportedInterfaceOrientations_iPad = "UIInterfaceOrientationPortrait UIInterfaceOrientationPortraitUpsideDown UIInterfaceOrientationLandscapeLeft UIInterfaceOrientationLandscapeRight";
				INFOPLIST_KEY_UISupportedInterfaceOrientations_iPhone = "UIInterfaceOrientationPortrait UIInterfaceOrientationLandscapeLeft UIInterfaceOrientationLandscapeRight";
				LD_RUNPATH_SEARCH_PATHS = (
					"$(inherited)",
					"@executable_path/Frameworks",
				);
				MARKETING_VERSION = 1.0;
				PRODUCT_BUNDLE_IDENTIFIER = com.jovioli.CocktailRecipes;
				PRODUCT_NAME = "$(TARGET_NAME)";
				SUPPORTED_PLATFORMS = "iphoneos iphonesimulator";
				SUPPORTS_MACCATALYST = NO;
				SUPPORTS_MAC_DESIGNED_FOR_IPHONE_IPAD = NO;
				SWIFT_EMIT_LOC_STRINGS = YES;
				SWIFT_VERSION = 5.0;
				TARGETED_DEVICE_FAMILY = 1;
			};
			name = Debug;
		};
		6CA2417E2A7C8BC500065DA5 /* Release */ = {
			isa = XCBuildConfiguration;
			buildSettings = {
				ASSETCATALOG_COMPILER_APPICON_NAME = AppIcon;
				ASSETCATALOG_COMPILER_GLOBAL_ACCENT_COLOR_NAME = AccentColor;
				CODE_SIGN_STYLE = Automatic;
				CURRENT_PROJECT_VERSION = 1;
				DEVELOPMENT_ASSET_PATHS = "\"CocktailRecipes/Preview Content\"";
				DEVELOPMENT_TEAM = 78BBX7Y4M7;
				ENABLE_PREVIEWS = YES;
				GENERATE_INFOPLIST_FILE = YES;
				INFOPLIST_KEY_UIApplicationSceneManifest_Generation = YES;
				INFOPLIST_KEY_UIApplicationSupportsIndirectInputEvents = YES;
				INFOPLIST_KEY_UILaunchScreen_Generation = YES;
				INFOPLIST_KEY_UISupportedInterfaceOrientations_iPad = "UIInterfaceOrientationPortrait UIInterfaceOrientationPortraitUpsideDown UIInterfaceOrientationLandscapeLeft UIInterfaceOrientationLandscapeRight";
				INFOPLIST_KEY_UISupportedInterfaceOrientations_iPhone = "UIInterfaceOrientationPortrait UIInterfaceOrientationLandscapeLeft UIInterfaceOrientationLandscapeRight";
				LD_RUNPATH_SEARCH_PATHS = (
					"$(inherited)",
					"@executable_path/Frameworks",
				);
				MARKETING_VERSION = 1.0;
				PRODUCT_BUNDLE_IDENTIFIER = com.jovioli.CocktailRecipes;
				PRODUCT_NAME = "$(TARGET_NAME)";
				SUPPORTED_PLATFORMS = "iphoneos iphonesimulator";
				SUPPORTS_MACCATALYST = NO;
				SUPPORTS_MAC_DESIGNED_FOR_IPHONE_IPAD = NO;
				SWIFT_EMIT_LOC_STRINGS = YES;
				SWIFT_VERSION = 5.0;
				TARGETED_DEVICE_FAMILY = 1;
			};
			name = Release;
		};
/* End XCBuildConfiguration section */

/* Begin XCConfigurationList section */
		6CA241692A7C8BC400065DA5 /* Build configuration list for PBXProject "CocktailRecipes" */ = {
			isa = XCConfigurationList;
			buildConfigurations = (
				6CA2417A2A7C8BC500065DA5 /* Debug */,
				6CA2417B2A7C8BC500065DA5 /* Release */,
			);
			defaultConfigurationIsVisible = 0;
			defaultConfigurationName = Release;
		};
		6CA2417C2A7C8BC500065DA5 /* Build configuration list for PBXNativeTarget "CocktailRecipes" */ = {
			isa = XCConfigurationList;
			buildConfigurations = (
				6CA2417D2A7C8BC500065DA5 /* Debug */,
				6CA2417E2A7C8BC500065DA5 /* Release */,
			);
			defaultConfigurationIsVisible = 0;
			defaultConfigurationName = Release;
		};
/* End XCConfigurationList section */
	};
	rootObject = 6CA241662A7C8BC400065DA5 /* Project object */;
}
